
Microsoft Visual Studio Solution File, Format Version 12.00
# Visual Studio Version 17
VisualStudioVersion = 17.12.35707.178
MinimumVisualStudioVersion = 10.0.40219.1
Project("{FAE04EC0-301F-11D3-BF4B-00C04F79EFBC}") = "Gateway", "Gateway\Gateway.csproj", "{46E11320-377E-40A0-987F-7828BB94FBB4}"
EndProject
Project("{FAE04EC0-301F-11D3-BF4B-00C04F79EFBC}") = "BooksService", "BooksService\BooksService.csproj", "{268F753D-4C53-45BB-871C-84FD243C16C9}"
EndProject
Project("{FAE04EC0-301F-11D3-BF4B-00C04F79EFBC}") = "RentalsService", "RentalsService\RentalsService.csproj", "{99F22938-DD67-4209-BA23-EBB8DFA1BBD0}"
EndProject
Project("{E53339B2-1760-4266-BCC7-CA923CBCF16C}") = "docker-compose", "docker-compose.dcproj", "{1E40F491-03CD-450A-970B-9002D3355168}"
EndProject
Project("{FAE04EC0-301F-11D3-BF4B-00C04F79EFBC}") = "Yarp_gateway", "Yarp_gateway\Yarp_gateway.csproj", "{2C1CD90C-AA1C-42B0-BF9A-C03D38FF2E1A}"
EndProject
Project("{FAE04EC0-301F-11D3-BF4B-00C04F79EFBC}") = "User-service", "User-service\User-service.csproj", "{880252A2-D200-4957-9DB4-2D09C723F958}"
EndProject
Global
	GlobalSection(SolutionConfigurationPlatforms) = preSolution
		Debug|Any CPU = Debug|Any CPU
		Release|Any CPU = Release|Any CPU
	EndGlobalSection
	GlobalSection(ProjectConfigurationPlatforms) = postSolution
		{46E11320-377E-40A0-987F-7828BB94FBB4}.Debug|Any CPU.ActiveCfg = Debug|Any CPU
		{46E11320-377E-40A0-987F-7828BB94FBB4}.Debug|Any CPU.Build.0 = Debug|Any CPU
		{46E11320-377E-40A0-987F-7828BB94FBB4}.Release|Any CPU.ActiveCfg = Release|Any CPU
		{46E11320-377E-40A0-987F-7828BB94FBB4}.Release|Any CPU.Build.0 = Release|Any CPU
		{268F753D-4C53-45BB-871C-84FD243C16C9}.Debug|Any CPU.ActiveCfg = Debug|Any CPU
		{268F753D-4C53-45BB-871C-84FD243C16C9}.Debug|Any CPU.Build.0 = Debug|Any CPU
		{268F753D-4C53-45BB-871C-84FD243C16C9}.Release|Any CPU.ActiveCfg = Release|Any CPU
		{268F753D-4C53-45BB-871C-84FD243C16C9}.Release|Any CPU.Build.0 = Release|Any CPU
		{99F22938-DD67-4209-BA23-EBB8DFA1BBD0}.Debug|Any CPU.ActiveCfg = Debug|Any CPU
		{99F22938-DD67-4209-BA23-EBB8DFA1BBD0}.Debug|Any CPU.Build.0 = Debug|Any CPU
		{99F22938-DD67-4209-BA23-EBB8DFA1BBD0}.Release|Any CPU.ActiveCfg = Release|Any CPU
		{99F22938-DD67-4209-BA23-EBB8DFA1BBD0}.Release|Any CPU.Build.0 = Release|Any CPU
		{1E40F491-03CD-450A-970B-9002D3355168}.Debug|Any CPU.ActiveCfg = Debug|Any CPU
		{1E40F491-03CD-450A-970B-9002D3355168}.Debug|Any CPU.Build.0 = Debug|Any CPU
		{1E40F491-03CD-450A-970B-9002D3355168}.Release|Any CPU.ActiveCfg = Release|Any CPU
		{1E40F491-03CD-450A-970B-9002D3355168}.Release|Any CPU.Build.0 = Release|Any CPU
		{2C1CD90C-AA1C-42B0-BF9A-C03D38FF2E1A}.Debug|Any CPU.ActiveCfg = Debug|Any CPU
		{2C1CD90C-AA1C-42B0-BF9A-C03D38FF2E1A}.Debug|Any CPU.Build.0 = Debug|Any CPU
		{2C1CD90C-AA1C-42B0-BF9A-C03D38FF2E1A}.Release|Any CPU.ActiveCfg = Release|Any CPU
		{2C1CD90C-AA1C-42B0-BF9A-C03D38FF2E1A}.Release|Any CPU.Build.0 = Release|Any CPU
		{880252A2-D200-4957-9DB4-2D09C723F958}.Debug|Any CPU.ActiveCfg = Debug|Any CPU
		{880252A2-D200-4957-9DB4-2D09C723F958}.Debug|Any CPU.Build.0 = Debug|Any CPU
		{880252A2-D200-4957-9DB4-2D09C723F958}.Release|Any CPU.ActiveCfg = Release|Any CPU
		{880252A2-D200-4957-9DB4-2D09C723F958}.Release|Any CPU.Build.0 = Release|Any CPU
	EndGlobalSection
	GlobalSection(SolutionProperties) = preSolution
		HideSolutionNode = FALSE
	EndGlobalSection
EndGlobal
